// !$*UTF8*$!
{
	archiveVersion = 1;
	classes = {
	};
	objectVersion = 56;
	objects = {

/* Begin PBXBuildFile section */
		1634ED322AB2351F0047B8FA /* CharacterDetailTableViewCell.swift in Sources */ = {isa = PBXBuildFile; fileRef = 1634ED302AB2351F0047B8FA /* CharacterDetailTableViewCell.swift */; };
		1634ED332AB2351F0047B8FA /* CharacterDetailTableViewCell.xib in Resources */ = {isa = PBXBuildFile; fileRef = 1634ED312AB2351F0047B8FA /* CharacterDetailTableViewCell.xib */; };
		1634ED372AB235F60047B8FA /* CharacterDetailCollectionViewCell.swift in Sources */ = {isa = PBXBuildFile; fileRef = 1634ED352AB235F60047B8FA /* CharacterDetailCollectionViewCell.swift */; };
		1634ED382AB235F60047B8FA /* CharacterDetailCollectionViewCell.xib in Resources */ = {isa = PBXBuildFile; fileRef = 1634ED362AB235F60047B8FA /* CharacterDetailCollectionViewCell.xib */; };
		1634ED3A2AB23FDB0047B8FA /* PaddingLabel.swift in Sources */ = {isa = PBXBuildFile; fileRef = 1634ED392AB23FDB0047B8FA /* PaddingLabel.swift */; };
		1634ED3C2AB2500C0047B8FA /* SectionModel.swift in Sources */ = {isa = PBXBuildFile; fileRef = 1634ED3B2AB2500C0047B8FA /* SectionModel.swift */; };
		1634ED3E2AB25F900047B8FA /* String+Ext.swift in Sources */ = {isa = PBXBuildFile; fileRef = 1634ED3D2AB25F900047B8FA /* String+Ext.swift */; };
		1634ED402AB261170047B8FA /* UILabel+Ext.swift in Sources */ = {isa = PBXBuildFile; fileRef = 1634ED3F2AB261170047B8FA /* UILabel+Ext.swift */; };
		1634EDE72AB38DE30047B8FA /* ShimmeringViewProtocol.swift in Sources */ = {isa = PBXBuildFile; fileRef = 1634EDE62AB38DE30047B8FA /* ShimmeringViewProtocol.swift */; };
		1634EDE92AB38DF60047B8FA /* Shimmering+UIView+Ext.swift in Sources */ = {isa = PBXBuildFile; fileRef = 1634EDE82AB38DF50047B8FA /* Shimmering+UIView+Ext.swift */; };
		1634EDEB2AB38E060047B8FA /* Shimmering+UIView+Template.swift in Sources */ = {isa = PBXBuildFile; fileRef = 1634EDEA2AB38E060047B8FA /* Shimmering+UIView+Template.swift */; };
		1634EDED2AB38E270047B8FA /* UIView+Shimmer.swift in Sources */ = {isa = PBXBuildFile; fileRef = 1634EDEC2AB38E270047B8FA /* UIView+Shimmer.swift */; };
		1634EDEF2AB38E3A0047B8FA /* Constants.swift in Sources */ = {isa = PBXBuildFile; fileRef = 1634EDEE2AB38E3A0047B8FA /* Constants.swift */; };
		1634EDF32AB390580047B8FA /* HeaderView.swift in Sources */ = {isa = PBXBuildFile; fileRef = 1634EDF22AB390580047B8FA /* HeaderView.swift */; };
		1634EDF52AB390610047B8FA /* HeaderView.xib in Resources */ = {isa = PBXBuildFile; fileRef = 1634EDF42AB390610047B8FA /* HeaderView.xib */; };
		1634EDF72AB3913B0047B8FA /* BaseView.swift in Sources */ = {isa = PBXBuildFile; fileRef = 1634EDF62AB3913B0047B8FA /* BaseView.swift */; };
		1634EDF92AB391660047B8FA /* UIView+Ext.swift in Sources */ = {isa = PBXBuildFile; fileRef = 1634EDF82AB391660047B8FA /* UIView+Ext.swift */; };
		168FA42D2AB07333005B1C2D /* AppDelegate.swift in Sources */ = {isa = PBXBuildFile; fileRef = 168FA42C2AB07333005B1C2D /* AppDelegate.swift */; };
		168FA42F2AB07333005B1C2D /* SceneDelegate.swift in Sources */ = {isa = PBXBuildFile; fileRef = 168FA42E2AB07333005B1C2D /* SceneDelegate.swift */; };
		168FA4312AB07333005B1C2D /* CharactersListViewController.swift in Sources */ = {isa = PBXBuildFile; fileRef = 168FA4302AB07333005B1C2D /* CharactersListViewController.swift */; };
		168FA4342AB07334005B1C2D /* Main.storyboard in Resources */ = {isa = PBXBuildFile; fileRef = 168FA4322AB07334005B1C2D /* Main.storyboard */; };
		168FA4372AB07334005B1C2D /* MarvelCharactersDemo.xcdatamodeld in Sources */ = {isa = PBXBuildFile; fileRef = 168FA4352AB07334005B1C2D /* MarvelCharactersDemo.xcdatamodeld */; };
		168FA4392AB07335005B1C2D /* Assets.xcassets in Resources */ = {isa = PBXBuildFile; fileRef = 168FA4382AB07335005B1C2D /* Assets.xcassets */; };
		168FA43C2AB07335005B1C2D /* LaunchScreen.storyboard in Resources */ = {isa = PBXBuildFile; fileRef = 168FA43A2AB07335005B1C2D /* LaunchScreen.storyboard */; };
		168FA4472AB07336005B1C2D /* MarvelCharactersDemoTests.swift in Sources */ = {isa = PBXBuildFile; fileRef = 168FA4462AB07336005B1C2D /* MarvelCharactersDemoTests.swift */; };
		168FA4512AB07336005B1C2D /* MarvelCharactersDemoUITests.swift in Sources */ = {isa = PBXBuildFile; fileRef = 168FA4502AB07336005B1C2D /* MarvelCharactersDemoUITests.swift */; };
		168FA4532AB07336005B1C2D /* MarvelCharactersDemoUITestsLaunchTests.swift in Sources */ = {isa = PBXBuildFile; fileRef = 168FA4522AB07336005B1C2D /* MarvelCharactersDemoUITestsLaunchTests.swift */; };
		168FA46F2AB074CB005B1C2D /* Coordinator.swift in Sources */ = {isa = PBXBuildFile; fileRef = 168FA46E2AB074CB005B1C2D /* Coordinator.swift */; };
		168FA4712AB074DD005B1C2D /* AppCoordinator.swift in Sources */ = {isa = PBXBuildFile; fileRef = 168FA4702AB074DD005B1C2D /* AppCoordinator.swift */; };
		168FA52D2AB0CB05005B1C2D /* MarvelService.swift in Sources */ = {isa = PBXBuildFile; fileRef = 168FA52C2AB0CB05005B1C2D /* MarvelService.swift */; };
		168FA52F2AB0CB10005B1C2D /* MarvelServiceType.swift in Sources */ = {isa = PBXBuildFile; fileRef = 168FA52E2AB0CB10005B1C2D /* MarvelServiceType.swift */; };
		168FA5312AB0CB4B005B1C2D /* CharactersModel.swift in Sources */ = {isa = PBXBuildFile; fileRef = 168FA5302AB0CB4B005B1C2D /* CharactersModel.swift */; };
		168FA5352AB0D3B8005B1C2D /* BaseResponse.swift in Sources */ = {isa = PBXBuildFile; fileRef = 168FA5342AB0D3B8005B1C2D /* BaseResponse.swift */; };
		168FA53A2AB0DCE9005B1C2D /* ApiBuilder.swift in Sources */ = {isa = PBXBuildFile; fileRef = 168FA5392AB0DCE9005B1C2D /* ApiBuilder.swift */; };
		168FA53C2AB0DD0A005B1C2D /* MarvelCacheManager.swift in Sources */ = {isa = PBXBuildFile; fileRef = 168FA53B2AB0DD0A005B1C2D /* MarvelCacheManager.swift */; };
		168FA53E2AB0EC97005B1C2D /* CharacterDetailModel.swift in Sources */ = {isa = PBXBuildFile; fileRef = 168FA53D2AB0EC97005B1C2D /* CharacterDetailModel.swift */; };
		168FA5402AB0ED7B005B1C2D /* ThumbnailModel.swift in Sources */ = {isa = PBXBuildFile; fileRef = 168FA53F2AB0ED7B005B1C2D /* ThumbnailModel.swift */; };
		168FA5422AB0ED86005B1C2D /* ItemModel.swift in Sources */ = {isa = PBXBuildFile; fileRef = 168FA5412AB0ED86005B1C2D /* ItemModel.swift */; };
		168FA5442AB0ED8F005B1C2D /* StateModel.swift in Sources */ = {isa = PBXBuildFile; fileRef = 168FA5432AB0ED8F005B1C2D /* StateModel.swift */; };
		168FA5462AB0ED9D005B1C2D /* CharacterUrlModel.swift in Sources */ = {isa = PBXBuildFile; fileRef = 168FA5452AB0ED9D005B1C2D /* CharacterUrlModel.swift */; };
		168FA5482AB0EE7E005B1C2D /* MarvelService+Ext.swift in Sources */ = {isa = PBXBuildFile; fileRef = 168FA5472AB0EE7E005B1C2D /* MarvelService+Ext.swift */; };
		168FA54A2AB0F512005B1C2D /* CharactersListViewModel.swift in Sources */ = {isa = PBXBuildFile; fileRef = 168FA5492AB0F512005B1C2D /* CharactersListViewModel.swift */; };
		168FA54D2AB0F67E005B1C2D /* BaseViewModel.swift in Sources */ = {isa = PBXBuildFile; fileRef = 168FA54C2AB0F67E005B1C2D /* BaseViewModel.swift */; };
		168FA54F2AB0F888005B1C2D /* BaseViewController.swift in Sources */ = {isa = PBXBuildFile; fileRef = 168FA54E2AB0F888005B1C2D /* BaseViewController.swift */; };
		168FA5532AB0FAD9005B1C2D /* CharacterTableViewCell.swift in Sources */ = {isa = PBXBuildFile; fileRef = 168FA5512AB0FAD9005B1C2D /* CharacterTableViewCell.swift */; };
		168FA5542AB0FAD9005B1C2D /* CharacterTableViewCell.xib in Resources */ = {isa = PBXBuildFile; fileRef = 168FA5522AB0FAD9005B1C2D /* CharacterTableViewCell.xib */; };
		168FA5612AB10449005B1C2D /* NunitoSans-Black.ttf in Resources */ = {isa = PBXBuildFile; fileRef = 168FA5562AB10449005B1C2D /* NunitoSans-Black.ttf */; };
		168FA5622AB10449005B1C2D /* NunitoSans-Italic.ttf in Resources */ = {isa = PBXBuildFile; fileRef = 168FA5572AB10449005B1C2D /* NunitoSans-Italic.ttf */; };
		168FA5632AB10449005B1C2D /* NunitoSans-Light.ttf in Resources */ = {isa = PBXBuildFile; fileRef = 168FA5582AB10449005B1C2D /* NunitoSans-Light.ttf */; };
		168FA5642AB10449005B1C2D /* NunitoSans-ExtraLightItalic.ttf in Resources */ = {isa = PBXBuildFile; fileRef = 168FA5592AB10449005B1C2D /* NunitoSans-ExtraLightItalic.ttf */; };
		168FA5652AB10449005B1C2D /* NunitoSans-Regular.ttf in Resources */ = {isa = PBXBuildFile; fileRef = 168FA55A2AB10449005B1C2D /* NunitoSans-Regular.ttf */; };
		168FA5662AB10449005B1C2D /* NunitoSans-BlackItalic.ttf in Resources */ = {isa = PBXBuildFile; fileRef = 168FA55B2AB10449005B1C2D /* NunitoSans-BlackItalic.ttf */; };
		168FA5672AB10449005B1C2D /* NunitoSans-Bold.ttf in Resources */ = {isa = PBXBuildFile; fileRef = 168FA55C2AB10449005B1C2D /* NunitoSans-Bold.ttf */; };
		168FA5682AB10449005B1C2D /* NunitoSans-ExtraBold.ttf in Resources */ = {isa = PBXBuildFile; fileRef = 168FA55D2AB10449005B1C2D /* NunitoSans-ExtraBold.ttf */; };
		168FA5692AB10449005B1C2D /* NunitoSans-ExtraBoldItalic.ttf in Resources */ = {isa = PBXBuildFile; fileRef = 168FA55E2AB10449005B1C2D /* NunitoSans-ExtraBoldItalic.ttf */; };
		168FA56A2AB10449005B1C2D /* NunitoSans-BoldItalic.ttf in Resources */ = {isa = PBXBuildFile; fileRef = 168FA55F2AB10449005B1C2D /* NunitoSans-BoldItalic.ttf */; };
		168FA56B2AB10449005B1C2D /* NunitoSans-ExtraLight.ttf in Resources */ = {isa = PBXBuildFile; fileRef = 168FA5602AB10449005B1C2D /* NunitoSans-ExtraLight.ttf */; };
		168FA56E2AB10477005B1C2D /* MarvelConfig.swift in Sources */ = {isa = PBXBuildFile; fileRef = 168FA56D2AB10477005B1C2D /* MarvelConfig.swift */; };
		168FA5722AB104AB005B1C2D /* UIFont+Ext.swift in Sources */ = {isa = PBXBuildFile; fileRef = 168FA5712AB104AB005B1C2D /* UIFont+Ext.swift */; };
		168FA5752AB10585005B1C2D /* MarvelTheme.swift in Sources */ = {isa = PBXBuildFile; fileRef = 168FA5742AB10585005B1C2D /* MarvelTheme.swift */; };
		168FA5772AB10599005B1C2D /* FontProtocol.swift in Sources */ = {isa = PBXBuildFile; fileRef = 168FA5762AB10599005B1C2D /* FontProtocol.swift */; };
		168FA5792AB105B0005B1C2D /* ColorProtocol.swift in Sources */ = {isa = PBXBuildFile; fileRef = 168FA5782AB105B0005B1C2D /* ColorProtocol.swift */; };
		168FA57B2AB105DD005B1C2D /* ThemeFont.swift in Sources */ = {isa = PBXBuildFile; fileRef = 168FA57A2AB105DD005B1C2D /* ThemeFont.swift */; };
		168FA57E2AB1060D005B1C2D /* ThemeColor.swift in Sources */ = {isa = PBXBuildFile; fileRef = 168FA57D2AB1060D005B1C2D /* ThemeColor.swift */; };
		168FA5832AB1998A005B1C2D /* CharacterListCoordinator.swift in Sources */ = {isa = PBXBuildFile; fileRef = 168FA5822AB1998A005B1C2D /* CharacterListCoordinator.swift */; };
		168FA5852AB1A39A005B1C2D /* CharactersDetailsViewController.swift in Sources */ = {isa = PBXBuildFile; fileRef = 168FA5842AB1A39A005B1C2D /* CharactersDetailsViewController.swift */; };
		168FA5872AB1A3C7005B1C2D /* CharacterDetailCoordinator.swift in Sources */ = {isa = PBXBuildFile; fileRef = 168FA5862AB1A3C7005B1C2D /* CharacterDetailCoordinator.swift */; };
		168FA5892AB1A425005B1C2D /* UIViewController+Ext.swift in Sources */ = {isa = PBXBuildFile; fileRef = 168FA5882AB1A425005B1C2D /* UIViewController+Ext.swift */; };
		168FA58B2AB1A4F2005B1C2D /* Router.swift in Sources */ = {isa = PBXBuildFile; fileRef = 168FA58A2AB1A4F2005B1C2D /* Router.swift */; };
		168FA58E2AB1A580005B1C2D /* NSObject+Ext.swift in Sources */ = {isa = PBXBuildFile; fileRef = 168FA58D2AB1A580005B1C2D /* NSObject+Ext.swift */; };
		168FA5902AB1A639005B1C2D /* CharactersDetailsViewModel.swift in Sources */ = {isa = PBXBuildFile; fileRef = 168FA58F2AB1A639005B1C2D /* CharactersDetailsViewModel.swift */; };
		1690488A2AB3981B00E906D9 /* UIButton+Ext.swift in Sources */ = {isa = PBXBuildFile; fileRef = 169048892AB3981B00E906D9 /* UIButton+Ext.swift */; };
		1690488C2AB39A1500E906D9 /* UINavigationController+Ext.swift in Sources */ = {isa = PBXBuildFile; fileRef = 1690488B2AB39A1500E906D9 /* UINavigationController+Ext.swift */; };
		1690488E2AB3AA0800E906D9 /* marvel.jpeg in Resources */ = {isa = PBXBuildFile; fileRef = 1690488D2AB3AA0800E906D9 /* marvel.jpeg */; };
		169048902AB3B3A600E906D9 /* marvel_icon.jpeg in Resources */ = {isa = PBXBuildFile; fileRef = 1690488F2AB3B3A600E906D9 /* marvel_icon.jpeg */; };
		169048952AB43D3B00E906D9 /* Array+Ext.swift in Sources */ = {isa = PBXBuildFile; fileRef = 169048942AB43D3B00E906D9 /* Array+Ext.swift */; };
		169048972AB43F2B00E906D9 /* CharactersListViewModelTests.swift in Sources */ = {isa = PBXBuildFile; fileRef = 169048962AB43F2B00E906D9 /* CharactersListViewModelTests.swift */; };
		1690489A2AB442A300E906D9 /* MarvelServiceMock.swift in Sources */ = {isa = PBXBuildFile; fileRef = 169048992AB442A300E906D9 /* MarvelServiceMock.swift */; };
		1690489D2AB4437000E906D9 /* JsonMock.swift in Sources */ = {isa = PBXBuildFile; fileRef = 1690489C2AB4437000E906D9 /* JsonMock.swift */; };
		169048A62AB443F500E906D9 /* CharacterDetailsResponse.json in Resources */ = {isa = PBXBuildFile; fileRef = 169048A52AB443F500E906D9 /* CharacterDetailsResponse.json */; };
		5194C3D6A57104752291191E /* libPods-MarvelCharactersDemo.a in Frameworks */ = {isa = PBXBuildFile; fileRef = BC855385E172DFE0F81BCEB5 /* libPods-MarvelCharactersDemo.a */; };
		60C2D537C5948238117261BD /* libPods-MarvelCharactersDemoTests.a in Frameworks */ = {isa = PBXBuildFile; fileRef = 00AF631BE9CC28612B299FBD /* libPods-MarvelCharactersDemoTests.a */; };
/* End PBXBuildFile section */

/* Begin PBXContainerItemProxy section */
		168FA4432AB07336005B1C2D /* PBXContainerItemProxy */ = {
			isa = PBXContainerItemProxy;
			containerPortal = 168FA4212AB07333005B1C2D /* Project object */;
			proxyType = 1;
			remoteGlobalIDString = 168FA4282AB07333005B1C2D;
			remoteInfo = MarvelCharactersDemo;
		};
		168FA44D2AB07336005B1C2D /* PBXContainerItemProxy */ = {
			isa = PBXContainerItemProxy;
			containerPortal = 168FA4212AB07333005B1C2D /* Project object */;
			proxyType = 1;
			remoteGlobalIDString = 168FA4282AB07333005B1C2D;
			remoteInfo = MarvelCharactersDemo;
		};
/* End PBXContainerItemProxy section */

/* Begin PBXFileReference section */
		00AF631BE9CC28612B299FBD /* libPods-MarvelCharactersDemoTests.a */ = {isa = PBXFileReference; explicitFileType = archive.ar; includeInIndex = 0; path = "libPods-MarvelCharactersDemoTests.a"; sourceTree = BUILT_PRODUCTS_DIR; };
		1634ED302AB2351F0047B8FA /* CharacterDetailTableViewCell.swift */ = {isa = PBXFileReference; lastKnownFileType = sourcecode.swift; path = CharacterDetailTableViewCell.swift; sourceTree = "<group>"; };
		1634ED312AB2351F0047B8FA /* CharacterDetailTableViewCell.xib */ = {isa = PBXFileReference; lastKnownFileType = file.xib; path = CharacterDetailTableViewCell.xib; sourceTree = "<group>"; };
		1634ED352AB235F60047B8FA /* CharacterDetailCollectionViewCell.swift */ = {isa = PBXFileReference; lastKnownFileType = sourcecode.swift; path = CharacterDetailCollectionViewCell.swift; sourceTree = "<group>"; };
		1634ED362AB235F60047B8FA /* CharacterDetailCollectionViewCell.xib */ = {isa = PBXFileReference; lastKnownFileType = file.xib; path = CharacterDetailCollectionViewCell.xib; sourceTree = "<group>"; };
		1634ED392AB23FDB0047B8FA /* PaddingLabel.swift */ = {isa = PBXFileReference; lastKnownFileType = sourcecode.swift; path = PaddingLabel.swift; sourceTree = "<group>"; };
		1634ED3B2AB2500C0047B8FA /* SectionModel.swift */ = {isa = PBXFileReference; lastKnownFileType = sourcecode.swift; path = SectionModel.swift; sourceTree = "<group>"; };
		1634ED3D2AB25F900047B8FA /* String+Ext.swift */ = {isa = PBXFileReference; lastKnownFileType = sourcecode.swift; path = "String+Ext.swift"; sourceTree = "<group>"; };
		1634ED3F2AB261170047B8FA /* UILabel+Ext.swift */ = {isa = PBXFileReference; lastKnownFileType = sourcecode.swift; path = "UILabel+Ext.swift"; sourceTree = "<group>"; };
		1634EDE62AB38DE30047B8FA /* ShimmeringViewProtocol.swift */ = {isa = PBXFileReference; lastKnownFileType = sourcecode.swift; path = ShimmeringViewProtocol.swift; sourceTree = "<group>"; };
		1634EDE82AB38DF50047B8FA /* Shimmering+UIView+Ext.swift */ = {isa = PBXFileReference; lastKnownFileType = sourcecode.swift; path = "Shimmering+UIView+Ext.swift"; sourceTree = "<group>"; };
		1634EDEA2AB38E060047B8FA /* Shimmering+UIView+Template.swift */ = {isa = PBXFileReference; lastKnownFileType = sourcecode.swift; path = "Shimmering+UIView+Template.swift"; sourceTree = "<group>"; };
		1634EDEC2AB38E270047B8FA /* UIView+Shimmer.swift */ = {isa = PBXFileReference; lastKnownFileType = sourcecode.swift; path = "UIView+Shimmer.swift"; sourceTree = "<group>"; };
		1634EDEE2AB38E3A0047B8FA /* Constants.swift */ = {isa = PBXFileReference; lastKnownFileType = sourcecode.swift; path = Constants.swift; sourceTree = "<group>"; };
		1634EDF22AB390580047B8FA /* HeaderView.swift */ = {isa = PBXFileReference; lastKnownFileType = sourcecode.swift; path = HeaderView.swift; sourceTree = "<group>"; };
		1634EDF42AB390610047B8FA /* HeaderView.xib */ = {isa = PBXFileReference; lastKnownFileType = file.xib; path = HeaderView.xib; sourceTree = "<group>"; };
		1634EDF62AB3913B0047B8FA /* BaseView.swift */ = {isa = PBXFileReference; lastKnownFileType = sourcecode.swift; path = BaseView.swift; sourceTree = "<group>"; };
		1634EDF82AB391660047B8FA /* UIView+Ext.swift */ = {isa = PBXFileReference; lastKnownFileType = sourcecode.swift; path = "UIView+Ext.swift"; sourceTree = "<group>"; };
		168FA4292AB07333005B1C2D /* MarvelCharactersDemo.app */ = {isa = PBXFileReference; explicitFileType = wrapper.application; includeInIndex = 0; path = MarvelCharactersDemo.app; sourceTree = BUILT_PRODUCTS_DIR; };
		168FA42C2AB07333005B1C2D /* AppDelegate.swift */ = {isa = PBXFileReference; lastKnownFileType = sourcecode.swift; path = AppDelegate.swift; sourceTree = "<group>"; };
		168FA42E2AB07333005B1C2D /* SceneDelegate.swift */ = {isa = PBXFileReference; lastKnownFileType = sourcecode.swift; path = SceneDelegate.swift; sourceTree = "<group>"; };
		168FA4302AB07333005B1C2D /* CharactersListViewController.swift */ = {isa = PBXFileReference; lastKnownFileType = sourcecode.swift; path = CharactersListViewController.swift; sourceTree = "<group>"; };
		168FA4332AB07334005B1C2D /* Base */ = {isa = PBXFileReference; lastKnownFileType = file.storyboard; name = Base; path = Base.lproj/Main.storyboard; sourceTree = "<group>"; };
		168FA4362AB07334005B1C2D /* MarvelCharactersDemo.xcdatamodel */ = {isa = PBXFileReference; lastKnownFileType = wrapper.xcdatamodel; path = MarvelCharactersDemo.xcdatamodel; sourceTree = "<group>"; };
		168FA4382AB07335005B1C2D /* Assets.xcassets */ = {isa = PBXFileReference; lastKnownFileType = folder.assetcatalog; path = Assets.xcassets; sourceTree = "<group>"; };
		168FA43B2AB07335005B1C2D /* Base */ = {isa = PBXFileReference; lastKnownFileType = file.storyboard; name = Base; path = Base.lproj/LaunchScreen.storyboard; sourceTree = "<group>"; };
		168FA43D2AB07335005B1C2D /* Info.plist */ = {isa = PBXFileReference; lastKnownFileType = text.plist.xml; path = Info.plist; sourceTree = "<group>"; };
		168FA4422AB07336005B1C2D /* MarvelCharactersDemoTests.xctest */ = {isa = PBXFileReference; explicitFileType = wrapper.cfbundle; includeInIndex = 0; path = MarvelCharactersDemoTests.xctest; sourceTree = BUILT_PRODUCTS_DIR; };
		168FA4462AB07336005B1C2D /* MarvelCharactersDemoTests.swift */ = {isa = PBXFileReference; lastKnownFileType = sourcecode.swift; path = MarvelCharactersDemoTests.swift; sourceTree = "<group>"; };
		168FA44C2AB07336005B1C2D /* MarvelCharactersDemoUITests.xctest */ = {isa = PBXFileReference; explicitFileType = wrapper.cfbundle; includeInIndex = 0; path = MarvelCharactersDemoUITests.xctest; sourceTree = BUILT_PRODUCTS_DIR; };
		168FA4502AB07336005B1C2D /* MarvelCharactersDemoUITests.swift */ = {isa = PBXFileReference; lastKnownFileType = sourcecode.swift; path = MarvelCharactersDemoUITests.swift; sourceTree = "<group>"; };
		168FA4522AB07336005B1C2D /* MarvelCharactersDemoUITestsLaunchTests.swift */ = {isa = PBXFileReference; lastKnownFileType = sourcecode.swift; path = MarvelCharactersDemoUITestsLaunchTests.swift; sourceTree = "<group>"; };
		168FA46E2AB074CB005B1C2D /* Coordinator.swift */ = {isa = PBXFileReference; lastKnownFileType = sourcecode.swift; path = Coordinator.swift; sourceTree = "<group>"; };
		168FA4702AB074DD005B1C2D /* AppCoordinator.swift */ = {isa = PBXFileReference; lastKnownFileType = sourcecode.swift; path = AppCoordinator.swift; sourceTree = "<group>"; };
		168FA52C2AB0CB05005B1C2D /* MarvelService.swift */ = {isa = PBXFileReference; lastKnownFileType = sourcecode.swift; path = MarvelService.swift; sourceTree = "<group>"; };
		168FA52E2AB0CB10005B1C2D /* MarvelServiceType.swift */ = {isa = PBXFileReference; lastKnownFileType = sourcecode.swift; path = MarvelServiceType.swift; sourceTree = "<group>"; };
		168FA5302AB0CB4B005B1C2D /* CharactersModel.swift */ = {isa = PBXFileReference; lastKnownFileType = sourcecode.swift; path = CharactersModel.swift; sourceTree = "<group>"; };
		168FA5342AB0D3B8005B1C2D /* BaseResponse.swift */ = {isa = PBXFileReference; lastKnownFileType = sourcecode.swift; path = BaseResponse.swift; sourceTree = "<group>"; };
		168FA5392AB0DCE9005B1C2D /* ApiBuilder.swift */ = {isa = PBXFileReference; lastKnownFileType = sourcecode.swift; path = ApiBuilder.swift; sourceTree = "<group>"; };
		168FA53B2AB0DD0A005B1C2D /* MarvelCacheManager.swift */ = {isa = PBXFileReference; lastKnownFileType = sourcecode.swift; path = MarvelCacheManager.swift; sourceTree = "<group>"; };
		168FA53D2AB0EC97005B1C2D /* CharacterDetailModel.swift */ = {isa = PBXFileReference; lastKnownFileType = sourcecode.swift; path = CharacterDetailModel.swift; sourceTree = "<group>"; };
		168FA53F2AB0ED7B005B1C2D /* ThumbnailModel.swift */ = {isa = PBXFileReference; lastKnownFileType = sourcecode.swift; path = ThumbnailModel.swift; sourceTree = "<group>"; };
		168FA5412AB0ED86005B1C2D /* ItemModel.swift */ = {isa = PBXFileReference; lastKnownFileType = sourcecode.swift; path = ItemModel.swift; sourceTree = "<group>"; };
		168FA5432AB0ED8F005B1C2D /* StateModel.swift */ = {isa = PBXFileReference; lastKnownFileType = sourcecode.swift; path = StateModel.swift; sourceTree = "<group>"; };
		168FA5452AB0ED9D005B1C2D /* CharacterUrlModel.swift */ = {isa = PBXFileReference; lastKnownFileType = sourcecode.swift; path = CharacterUrlModel.swift; sourceTree = "<group>"; };
		168FA5472AB0EE7E005B1C2D /* MarvelService+Ext.swift */ = {isa = PBXFileReference; lastKnownFileType = sourcecode.swift; path = "MarvelService+Ext.swift"; sourceTree = "<group>"; };
		168FA5492AB0F512005B1C2D /* CharactersListViewModel.swift */ = {isa = PBXFileReference; lastKnownFileType = sourcecode.swift; path = CharactersListViewModel.swift; sourceTree = "<group>"; };
		168FA54C2AB0F67E005B1C2D /* BaseViewModel.swift */ = {isa = PBXFileReference; lastKnownFileType = sourcecode.swift; path = BaseViewModel.swift; sourceTree = "<group>"; };
		168FA54E2AB0F888005B1C2D /* BaseViewController.swift */ = {isa = PBXFileReference; lastKnownFileType = sourcecode.swift; path = BaseViewController.swift; sourceTree = "<group>"; };
		168FA5512AB0FAD9005B1C2D /* CharacterTableViewCell.swift */ = {isa = PBXFileReference; lastKnownFileType = sourcecode.swift; path = CharacterTableViewCell.swift; sourceTree = "<group>"; };
		168FA5522AB0FAD9005B1C2D /* CharacterTableViewCell.xib */ = {isa = PBXFileReference; lastKnownFileType = file.xib; path = CharacterTableViewCell.xib; sourceTree = "<group>"; };
		168FA5562AB10449005B1C2D /* NunitoSans-Black.ttf */ = {isa = PBXFileReference; lastKnownFileType = file; path = "NunitoSans-Black.ttf"; sourceTree = "<group>"; };
		168FA5572AB10449005B1C2D /* NunitoSans-Italic.ttf */ = {isa = PBXFileReference; lastKnownFileType = file; path = "NunitoSans-Italic.ttf"; sourceTree = "<group>"; };
		168FA5582AB10449005B1C2D /* NunitoSans-Light.ttf */ = {isa = PBXFileReference; lastKnownFileType = file; path = "NunitoSans-Light.ttf"; sourceTree = "<group>"; };
		168FA5592AB10449005B1C2D /* NunitoSans-ExtraLightItalic.ttf */ = {isa = PBXFileReference; lastKnownFileType = file; path = "NunitoSans-ExtraLightItalic.ttf"; sourceTree = "<group>"; };
		168FA55A2AB10449005B1C2D /* NunitoSans-Regular.ttf */ = {isa = PBXFileReference; lastKnownFileType = file; path = "NunitoSans-Regular.ttf"; sourceTree = "<group>"; };
		168FA55B2AB10449005B1C2D /* NunitoSans-BlackItalic.ttf */ = {isa = PBXFileReference; lastKnownFileType = file; path = "NunitoSans-BlackItalic.ttf"; sourceTree = "<group>"; };
		168FA55C2AB10449005B1C2D /* NunitoSans-Bold.ttf */ = {isa = PBXFileReference; lastKnownFileType = file; path = "NunitoSans-Bold.ttf"; sourceTree = "<group>"; };
		168FA55D2AB10449005B1C2D /* NunitoSans-ExtraBold.ttf */ = {isa = PBXFileReference; lastKnownFileType = file; path = "NunitoSans-ExtraBold.ttf"; sourceTree = "<group>"; };
		168FA55E2AB10449005B1C2D /* NunitoSans-ExtraBoldItalic.ttf */ = {isa = PBXFileReference; lastKnownFileType = file; path = "NunitoSans-ExtraBoldItalic.ttf"; sourceTree = "<group>"; };
		168FA55F2AB10449005B1C2D /* NunitoSans-BoldItalic.ttf */ = {isa = PBXFileReference; lastKnownFileType = file; path = "NunitoSans-BoldItalic.ttf"; sourceTree = "<group>"; };
		168FA5602AB10449005B1C2D /* NunitoSans-ExtraLight.ttf */ = {isa = PBXFileReference; lastKnownFileType = file; path = "NunitoSans-ExtraLight.ttf"; sourceTree = "<group>"; };
		168FA56D2AB10477005B1C2D /* MarvelConfig.swift */ = {isa = PBXFileReference; lastKnownFileType = sourcecode.swift; path = MarvelConfig.swift; sourceTree = "<group>"; };
		168FA5712AB104AB005B1C2D /* UIFont+Ext.swift */ = {isa = PBXFileReference; lastKnownFileType = sourcecode.swift; path = "UIFont+Ext.swift"; sourceTree = "<group>"; };
		168FA5742AB10585005B1C2D /* MarvelTheme.swift */ = {isa = PBXFileReference; lastKnownFileType = sourcecode.swift; path = MarvelTheme.swift; sourceTree = "<group>"; };
		168FA5762AB10599005B1C2D /* FontProtocol.swift */ = {isa = PBXFileReference; lastKnownFileType = sourcecode.swift; path = FontProtocol.swift; sourceTree = "<group>"; };
		168FA5782AB105B0005B1C2D /* ColorProtocol.swift */ = {isa = PBXFileReference; lastKnownFileType = sourcecode.swift; path = ColorProtocol.swift; sourceTree = "<group>"; };
		168FA57A2AB105DD005B1C2D /* ThemeFont.swift */ = {isa = PBXFileReference; lastKnownFileType = sourcecode.swift; path = ThemeFont.swift; sourceTree = "<group>"; };
		168FA57D2AB1060D005B1C2D /* ThemeColor.swift */ = {isa = PBXFileReference; lastKnownFileType = sourcecode.swift; path = ThemeColor.swift; sourceTree = "<group>"; };
		168FA5822AB1998A005B1C2D /* CharacterListCoordinator.swift */ = {isa = PBXFileReference; lastKnownFileType = sourcecode.swift; path = CharacterListCoordinator.swift; sourceTree = "<group>"; };
		168FA5842AB1A39A005B1C2D /* CharactersDetailsViewController.swift */ = {isa = PBXFileReference; lastKnownFileType = sourcecode.swift; path = CharactersDetailsViewController.swift; sourceTree = "<group>"; };
		168FA5862AB1A3C7005B1C2D /* CharacterDetailCoordinator.swift */ = {isa = PBXFileReference; lastKnownFileType = sourcecode.swift; path = CharacterDetailCoordinator.swift; sourceTree = "<group>"; };
		168FA5882AB1A425005B1C2D /* UIViewController+Ext.swift */ = {isa = PBXFileReference; lastKnownFileType = sourcecode.swift; path = "UIViewController+Ext.swift"; sourceTree = "<group>"; };
		168FA58A2AB1A4F2005B1C2D /* Router.swift */ = {isa = PBXFileReference; lastKnownFileType = sourcecode.swift; path = Router.swift; sourceTree = "<group>"; };
		168FA58D2AB1A580005B1C2D /* NSObject+Ext.swift */ = {isa = PBXFileReference; lastKnownFileType = sourcecode.swift; path = "NSObject+Ext.swift"; sourceTree = "<group>"; };
		168FA58F2AB1A639005B1C2D /* CharactersDetailsViewModel.swift */ = {isa = PBXFileReference; lastKnownFileType = sourcecode.swift; path = CharactersDetailsViewModel.swift; sourceTree = "<group>"; };
		169048892AB3981B00E906D9 /* UIButton+Ext.swift */ = {isa = PBXFileReference; lastKnownFileType = sourcecode.swift; path = "UIButton+Ext.swift"; sourceTree = "<group>"; };
		1690488B2AB39A1500E906D9 /* UINavigationController+Ext.swift */ = {isa = PBXFileReference; lastKnownFileType = sourcecode.swift; path = "UINavigationController+Ext.swift"; sourceTree = "<group>"; };
		1690488D2AB3AA0800E906D9 /* marvel.jpeg */ = {isa = PBXFileReference; lastKnownFileType = image.jpeg; path = marvel.jpeg; sourceTree = "<group>"; };
		1690488F2AB3B3A600E906D9 /* marvel_icon.jpeg */ = {isa = PBXFileReference; lastKnownFileType = image.jpeg; path = marvel_icon.jpeg; sourceTree = "<group>"; };
		169048942AB43D3B00E906D9 /* Array+Ext.swift */ = {isa = PBXFileReference; lastKnownFileType = sourcecode.swift; path = "Array+Ext.swift"; sourceTree = "<group>"; };
		169048962AB43F2B00E906D9 /* CharactersListViewModelTests.swift */ = {isa = PBXFileReference; lastKnownFileType = sourcecode.swift; path = CharactersListViewModelTests.swift; sourceTree = "<group>"; };
		169048992AB442A300E906D9 /* MarvelServiceMock.swift */ = {isa = PBXFileReference; lastKnownFileType = sourcecode.swift; path = MarvelServiceMock.swift; sourceTree = "<group>"; };
		1690489C2AB4437000E906D9 /* JsonMock.swift */ = {isa = PBXFileReference; lastKnownFileType = sourcecode.swift; path = JsonMock.swift; sourceTree = "<group>"; };
		169048A52AB443F500E906D9 /* CharacterDetailsResponse.json */ = {isa = PBXFileReference; fileEncoding = 4; lastKnownFileType = text.json; path = CharacterDetailsResponse.json; sourceTree = "<group>"; };
		8233AF3EB18E6834F9C2F740 /* Pods-MarvelCharactersDemoTests.debug.xcconfig */ = {isa = PBXFileReference; includeInIndex = 1; lastKnownFileType = text.xcconfig; name = "Pods-MarvelCharactersDemoTests.debug.xcconfig"; path = "Target Support Files/Pods-MarvelCharactersDemoTests/Pods-MarvelCharactersDemoTests.debug.xcconfig"; sourceTree = "<group>"; };
		84790917D35693616C6F6D6B /* Pods-MarvelCharactersDemo.debug.xcconfig */ = {isa = PBXFileReference; includeInIndex = 1; lastKnownFileType = text.xcconfig; name = "Pods-MarvelCharactersDemo.debug.xcconfig"; path = "Target Support Files/Pods-MarvelCharactersDemo/Pods-MarvelCharactersDemo.debug.xcconfig"; sourceTree = "<group>"; };
		BC855385E172DFE0F81BCEB5 /* libPods-MarvelCharactersDemo.a */ = {isa = PBXFileReference; explicitFileType = archive.ar; includeInIndex = 0; path = "libPods-MarvelCharactersDemo.a"; sourceTree = BUILT_PRODUCTS_DIR; };
		C371DF2D62A5F8C46C5F0007 /* Pods-MarvelCharactersDemo.release.xcconfig */ = {isa = PBXFileReference; includeInIndex = 1; lastKnownFileType = text.xcconfig; name = "Pods-MarvelCharactersDemo.release.xcconfig"; path = "Target Support Files/Pods-MarvelCharactersDemo/Pods-MarvelCharactersDemo.release.xcconfig"; sourceTree = "<group>"; };
		E6D95757535E0F3EB624D65B /* Pods-MarvelCharactersDemoTests.release.xcconfig */ = {isa = PBXFileReference; includeInIndex = 1; lastKnownFileType = text.xcconfig; name = "Pods-MarvelCharactersDemoTests.release.xcconfig"; path = "Target Support Files/Pods-MarvelCharactersDemoTests/Pods-MarvelCharactersDemoTests.release.xcconfig"; sourceTree = "<group>"; };
/* End PBXFileReference section */

/* Begin PBXFrameworksBuildPhase section */
		168FA4262AB07333005B1C2D /* Frameworks */ = {
			isa = PBXFrameworksBuildPhase;
			buildActionMask = 2147483647;
			files = (
				5194C3D6A57104752291191E /* libPods-MarvelCharactersDemo.a in Frameworks */,
			);
			runOnlyForDeploymentPostprocessing = 0;
		};
		168FA43F2AB07336005B1C2D /* Frameworks */ = {
			isa = PBXFrameworksBuildPhase;
			buildActionMask = 2147483647;
			files = (
				60C2D537C5948238117261BD /* libPods-MarvelCharactersDemoTests.a in Frameworks */,
			);
			runOnlyForDeploymentPostprocessing = 0;
		};
		168FA4492AB07336005B1C2D /* Frameworks */ = {
			isa = PBXFrameworksBuildPhase;
			buildActionMask = 2147483647;
			files = (
			);
			runOnlyForDeploymentPostprocessing = 0;
		};
/* End PBXFrameworksBuildPhase section */

/* Begin PBXGroup section */
		1634ED2F2AB235010047B8FA /* CharacterDetailTableViewCell */ = {
			isa = PBXGroup;
			children = (
				1634ED302AB2351F0047B8FA /* CharacterDetailTableViewCell.swift */,
				1634ED312AB2351F0047B8FA /* CharacterDetailTableViewCell.xib */,
			);
			path = CharacterDetailTableViewCell;
			sourceTree = "<group>";
		};
		1634ED342AB235DD0047B8FA /* CharacterDetailCollectionViewCell */ = {
			isa = PBXGroup;
			children = (
				1634ED352AB235F60047B8FA /* CharacterDetailCollectionViewCell.swift */,
				1634ED362AB235F60047B8FA /* CharacterDetailCollectionViewCell.xib */,
			);
			path = CharacterDetailCollectionViewCell;
			sourceTree = "<group>";
		};
		1634EDE52AB38DD30047B8FA /* Shimmering */ = {
			isa = PBXGroup;
			children = (
				1634EDE62AB38DE30047B8FA /* ShimmeringViewProtocol.swift */,
				1634EDE82AB38DF50047B8FA /* Shimmering+UIView+Ext.swift */,
				1634EDEA2AB38E060047B8FA /* Shimmering+UIView+Template.swift */,
				1634EDEC2AB38E270047B8FA /* UIView+Shimmer.swift */,
				1634EDEE2AB38E3A0047B8FA /* Constants.swift */,
			);
			path = Shimmering;
			sourceTree = "<group>";
		};
		1634EDF02AB3904A0047B8FA /* Components */ = {
			isa = PBXGroup;
			children = (
				1634EDF12AB390500047B8FA /* HeaderView */,
			);
			path = Components;
			sourceTree = "<group>";
		};
		1634EDF12AB390500047B8FA /* HeaderView */ = {
			isa = PBXGroup;
			children = (
				1634EDF22AB390580047B8FA /* HeaderView.swift */,
				1634EDF42AB390610047B8FA /* HeaderView.xib */,
			);
			path = HeaderView;
			sourceTree = "<group>";
		};
		168FA4202AB07333005B1C2D = {
			isa = PBXGroup;
			children = (
				168FA42B2AB07333005B1C2D /* MarvelCharactersDemo */,
				168FA4452AB07336005B1C2D /* MarvelCharactersDemoTests */,
				168FA44F2AB07336005B1C2D /* MarvelCharactersDemoUITests */,
				168FA42A2AB07333005B1C2D /* Products */,
				E41845C9C4D046765FE3A94A /* Pods */,
				1BD07030EC52466D4D81267C /* Frameworks */,
			);
			sourceTree = "<group>";
		};
		168FA42A2AB07333005B1C2D /* Products */ = {
			isa = PBXGroup;
			children = (
				168FA4292AB07333005B1C2D /* MarvelCharactersDemo.app */,
				168FA4422AB07336005B1C2D /* MarvelCharactersDemoTests.xctest */,
				168FA44C2AB07336005B1C2D /* MarvelCharactersDemoUITests.xctest */,
			);
			name = Products;
			sourceTree = "<group>";
		};
		168FA42B2AB07333005B1C2D /* MarvelCharactersDemo */ = {
			isa = PBXGroup;
			children = (
				1634EDF02AB3904A0047B8FA /* Components */,
				168FA54B2AB0F670005B1C2D /* Base */,
				168FA4612AB0739D005B1C2D /* Features */,
				168FA56C2AB10466005B1C2D /* Instance */,
				168FA46D2AB07412005B1C2D /* Supporting Files */,
				168FA45F2AB07370005B1C2D /* Resources */,
				168FA56F2AB10499005B1C2D /* Extensions */,
				168FA5552AB10429005B1C2D /* Fonts */,
				168FA5732AB1056D005B1C2D /* Theme */,
			);
			path = MarvelCharactersDemo;
			sourceTree = "<group>";
		};
		168FA4452AB07336005B1C2D /* MarvelCharactersDemoTests */ = {
			isa = PBXGroup;
			children = (
				1690489B2AB4433E00E906D9 /* Mock */,
				169048982AB4429700E906D9 /* Marvel Mock */,
				168FA4462AB07336005B1C2D /* MarvelCharactersDemoTests.swift */,
				169048962AB43F2B00E906D9 /* CharactersListViewModelTests.swift */,
			);
			path = MarvelCharactersDemoTests;
			sourceTree = "<group>";
		};
		168FA44F2AB07336005B1C2D /* MarvelCharactersDemoUITests */ = {
			isa = PBXGroup;
			children = (
				168FA4502AB07336005B1C2D /* MarvelCharactersDemoUITests.swift */,
				168FA4522AB07336005B1C2D /* MarvelCharactersDemoUITestsLaunchTests.swift */,
			);
			path = MarvelCharactersDemoUITests;
			sourceTree = "<group>";
		};
		168FA45F2AB07370005B1C2D /* Resources */ = {
			isa = PBXGroup;
			children = (
				168FA4352AB07334005B1C2D /* MarvelCharactersDemo.xcdatamodeld */,
				168FA43D2AB07335005B1C2D /* Info.plist */,
				168FA4382AB07335005B1C2D /* Assets.xcassets */,
			);
			path = Resources;
			sourceTree = "<group>";
		};
		168FA4612AB0739D005B1C2D /* Features */ = {
			isa = PBXGroup;
			children = (
				168FA57F2AB10877005B1C2D /* Protocols */,
				168FA5382AB0DCDF005B1C2D /* Helpers */,
				168FA4622AB0739D005B1C2D /* ViewModel */,
				168FA5332AB0D3AF005B1C2D /* Response */,
				168FA4662AB0739D005B1C2D /* Model */,
				168FA4692AB0739D005B1C2D /* Controllers */,
				168FA4672AB0739D005B1C2D /* View */,
				168FA4632AB0739D005B1C2D /* Coordinator */,
				168FA4642AB0739D005B1C2D /* Enums */,
				168FA4652AB0739D005B1C2D /* ServiceType */,
				168FA4682AB0739D005B1C2D /* Service */,
				168FA46A2AB0739D005B1C2D /* Assets */,
				168FA46B2AB0739D005B1C2D /* Router */,
				168FA46C2AB073BE005B1C2D /* Storyboard */,
			);
			path = Features;
			sourceTree = "<group>";
		};
		168FA4622AB0739D005B1C2D /* ViewModel */ = {
			isa = PBXGroup;
			children = (
				168FA5492AB0F512005B1C2D /* CharactersListViewModel.swift */,
				168FA58F2AB1A639005B1C2D /* CharactersDetailsViewModel.swift */,
			);
			path = ViewModel;
			sourceTree = "<group>";
		};
		168FA4632AB0739D005B1C2D /* Coordinator */ = {
			isa = PBXGroup;
			children = (
				168FA5822AB1998A005B1C2D /* CharacterListCoordinator.swift */,
				168FA5862AB1A3C7005B1C2D /* CharacterDetailCoordinator.swift */,
			);
			path = Coordinator;
			sourceTree = "<group>";
		};
		168FA4642AB0739D005B1C2D /* Enums */ = {
			isa = PBXGroup;
			children = (
			);
			path = Enums;
			sourceTree = "<group>";
		};
		168FA4652AB0739D005B1C2D /* ServiceType */ = {
			isa = PBXGroup;
			children = (
				168FA52E2AB0CB10005B1C2D /* MarvelServiceType.swift */,
			);
			path = ServiceType;
			sourceTree = "<group>";
		};
		168FA4662AB0739D005B1C2D /* Model */ = {
			isa = PBXGroup;
			children = (
				168FA5302AB0CB4B005B1C2D /* CharactersModel.swift */,
				168FA53D2AB0EC97005B1C2D /* CharacterDetailModel.swift */,
				168FA53F2AB0ED7B005B1C2D /* ThumbnailModel.swift */,
				168FA5412AB0ED86005B1C2D /* ItemModel.swift */,
				168FA5432AB0ED8F005B1C2D /* StateModel.swift */,
				168FA5452AB0ED9D005B1C2D /* CharacterUrlModel.swift */,
				1634ED3B2AB2500C0047B8FA /* SectionModel.swift */,
			);
			path = Model;
			sourceTree = "<group>";
		};
		168FA4672AB0739D005B1C2D /* View */ = {
			isa = PBXGroup;
			children = (
				1634ED342AB235DD0047B8FA /* CharacterDetailCollectionViewCell */,
				1634ED2F2AB235010047B8FA /* CharacterDetailTableViewCell */,
				168FA5502AB0FA83005B1C2D /* CharacterTableViewCell */,
			);
			path = View;
			sourceTree = "<group>";
		};
		168FA4682AB0739D005B1C2D /* Service */ = {
			isa = PBXGroup;
			children = (
				168FA52C2AB0CB05005B1C2D /* MarvelService.swift */,
				168FA5472AB0EE7E005B1C2D /* MarvelService+Ext.swift */,
			);
			path = Service;
			sourceTree = "<group>";
		};
		168FA4692AB0739D005B1C2D /* Controllers */ = {
			isa = PBXGroup;
			children = (
				168FA4302AB07333005B1C2D /* CharactersListViewController.swift */,
				168FA5842AB1A39A005B1C2D /* CharactersDetailsViewController.swift */,
			);
			path = Controllers;
			sourceTree = "<group>";
		};
		168FA46A2AB0739D005B1C2D /* Assets */ = {
			isa = PBXGroup;
			children = (
				1690488F2AB3B3A600E906D9 /* marvel_icon.jpeg */,
				1690488D2AB3AA0800E906D9 /* marvel.jpeg */,
			);
			path = Assets;
			sourceTree = "<group>";
		};
		168FA46B2AB0739D005B1C2D /* Router */ = {
			isa = PBXGroup;
			children = (
				168FA58A2AB1A4F2005B1C2D /* Router.swift */,
			);
			path = Router;
			sourceTree = "<group>";
		};
		168FA46C2AB073BE005B1C2D /* Storyboard */ = {
			isa = PBXGroup;
			children = (
				168FA4322AB07334005B1C2D /* Main.storyboard */,
				168FA43A2AB07335005B1C2D /* LaunchScreen.storyboard */,
			);
			path = Storyboard;
			sourceTree = "<group>";
		};
		168FA46D2AB07412005B1C2D /* Supporting Files */ = {
			isa = PBXGroup;
			children = (
				168FA42C2AB07333005B1C2D /* AppDelegate.swift */,
				168FA42E2AB07333005B1C2D /* SceneDelegate.swift */,
			);
			path = "Supporting Files";
			sourceTree = "<group>";
		};
		168FA5332AB0D3AF005B1C2D /* Response */ = {
			isa = PBXGroup;
			children = (
				168FA5342AB0D3B8005B1C2D /* BaseResponse.swift */,
			);
			path = Response;
			sourceTree = "<group>";
		};
		168FA5382AB0DCDF005B1C2D /* Helpers */ = {
			isa = PBXGroup;
			children = (
				1634EDE52AB38DD30047B8FA /* Shimmering */,
				168FA5392AB0DCE9005B1C2D /* ApiBuilder.swift */,
				168FA53B2AB0DD0A005B1C2D /* MarvelCacheManager.swift */,
				1634ED392AB23FDB0047B8FA /* PaddingLabel.swift */,
			);
			path = Helpers;
			sourceTree = "<group>";
		};
		168FA54B2AB0F670005B1C2D /* Base */ = {
			isa = PBXGroup;
			children = (
				168FA46E2AB074CB005B1C2D /* Coordinator.swift */,
				168FA4702AB074DD005B1C2D /* AppCoordinator.swift */,
				168FA54C2AB0F67E005B1C2D /* BaseViewModel.swift */,
				168FA54E2AB0F888005B1C2D /* BaseViewController.swift */,
				1634EDF62AB3913B0047B8FA /* BaseView.swift */,
			);
			path = Base;
			sourceTree = "<group>";
		};
		168FA5502AB0FA83005B1C2D /* CharacterTableViewCell */ = {
			isa = PBXGroup;
			children = (
				168FA5512AB0FAD9005B1C2D /* CharacterTableViewCell.swift */,
				168FA5522AB0FAD9005B1C2D /* CharacterTableViewCell.xib */,
			);
			path = CharacterTableViewCell;
			sourceTree = "<group>";
		};
		168FA5552AB10429005B1C2D /* Fonts */ = {
			isa = PBXGroup;
			children = (
				168FA5562AB10449005B1C2D /* NunitoSans-Black.ttf */,
				168FA55B2AB10449005B1C2D /* NunitoSans-BlackItalic.ttf */,
				168FA55C2AB10449005B1C2D /* NunitoSans-Bold.ttf */,
				168FA55F2AB10449005B1C2D /* NunitoSans-BoldItalic.ttf */,
				168FA55D2AB10449005B1C2D /* NunitoSans-ExtraBold.ttf */,
				168FA55E2AB10449005B1C2D /* NunitoSans-ExtraBoldItalic.ttf */,
				168FA5602AB10449005B1C2D /* NunitoSans-ExtraLight.ttf */,
				168FA5592AB10449005B1C2D /* NunitoSans-ExtraLightItalic.ttf */,
				168FA5572AB10449005B1C2D /* NunitoSans-Italic.ttf */,
				168FA5582AB10449005B1C2D /* NunitoSans-Light.ttf */,
				168FA55A2AB10449005B1C2D /* NunitoSans-Regular.ttf */,
			);
			path = Fonts;
			sourceTree = "<group>";
		};
		168FA56C2AB10466005B1C2D /* Instance */ = {
			isa = PBXGroup;
			children = (
				168FA56D2AB10477005B1C2D /* MarvelConfig.swift */,
			);
			path = Instance;
			sourceTree = "<group>";
		};
		168FA56F2AB10499005B1C2D /* Extensions */ = {
			isa = PBXGroup;
			children = (
				168FA58C2AB1A579005B1C2D /* Core */,
				168FA5702AB104A0005B1C2D /* UI */,
			);
			path = Extensions;
			sourceTree = "<group>";
		};
		168FA5702AB104A0005B1C2D /* UI */ = {
			isa = PBXGroup;
			children = (
				168FA5712AB104AB005B1C2D /* UIFont+Ext.swift */,
				168FA5882AB1A425005B1C2D /* UIViewController+Ext.swift */,
				1634ED3F2AB261170047B8FA /* UILabel+Ext.swift */,
				1634EDF82AB391660047B8FA /* UIView+Ext.swift */,
				169048892AB3981B00E906D9 /* UIButton+Ext.swift */,
				1690488B2AB39A1500E906D9 /* UINavigationController+Ext.swift */,
			);
			path = UI;
			sourceTree = "<group>";
		};
		168FA5732AB1056D005B1C2D /* Theme */ = {
			isa = PBXGroup;
			children = (
				168FA57C2AB105FA005B1C2D /* ThemeComponent */,
				168FA5742AB10585005B1C2D /* MarvelTheme.swift */,
				168FA5762AB10599005B1C2D /* FontProtocol.swift */,
				168FA5782AB105B0005B1C2D /* ColorProtocol.swift */,
			);
			path = Theme;
			sourceTree = "<group>";
		};
		168FA57C2AB105FA005B1C2D /* ThemeComponent */ = {
			isa = PBXGroup;
			children = (
				168FA57A2AB105DD005B1C2D /* ThemeFont.swift */,
				168FA57D2AB1060D005B1C2D /* ThemeColor.swift */,
			);
			path = ThemeComponent;
			sourceTree = "<group>";
		};
		168FA57F2AB10877005B1C2D /* Protocols */ = {
			isa = PBXGroup;
			children = (
			);
			path = Protocols;
			sourceTree = "<group>";
		};
		168FA58C2AB1A579005B1C2D /* Core */ = {
			isa = PBXGroup;
			children = (
				168FA58D2AB1A580005B1C2D /* NSObject+Ext.swift */,
				1634ED3D2AB25F900047B8FA /* String+Ext.swift */,
				169048942AB43D3B00E906D9 /* Array+Ext.swift */,
			);
			path = Core;
			sourceTree = "<group>";
		};
		169048982AB4429700E906D9 /* Marvel Mock */ = {
			isa = PBXGroup;
			children = (
				169048992AB442A300E906D9 /* MarvelServiceMock.swift */,
			);
			path = "Marvel Mock";
			sourceTree = "<group>";
		};
		1690489B2AB4433E00E906D9 /* Mock */ = {
			isa = PBXGroup;
			children = (
				1690489E2AB4438C00E906D9 /* Response */,
				1690489C2AB4437000E906D9 /* JsonMock.swift */,
			);
			path = Mock;
			sourceTree = "<group>";
		};
		1690489E2AB4438C00E906D9 /* Response */ = {
			isa = PBXGroup;
			children = (
				169048A52AB443F500E906D9 /* CharacterDetailsResponse.json */,
			);
			path = Response;
			sourceTree = "<group>";
		};
		1BD07030EC52466D4D81267C /* Frameworks */ = {
			isa = PBXGroup;
			children = (
				BC855385E172DFE0F81BCEB5 /* libPods-MarvelCharactersDemo.a */,
				00AF631BE9CC28612B299FBD /* libPods-MarvelCharactersDemoTests.a */,
			);
			name = Frameworks;
			sourceTree = "<group>";
		};
		E41845C9C4D046765FE3A94A /* Pods */ = {
			isa = PBXGroup;
			children = (
				84790917D35693616C6F6D6B /* Pods-MarvelCharactersDemo.debug.xcconfig */,
				C371DF2D62A5F8C46C5F0007 /* Pods-MarvelCharactersDemo.release.xcconfig */,
				8233AF3EB18E6834F9C2F740 /* Pods-MarvelCharactersDemoTests.debug.xcconfig */,
				E6D95757535E0F3EB624D65B /* Pods-MarvelCharactersDemoTests.release.xcconfig */,
			);
			path = Pods;
			sourceTree = "<group>";
		};
/* End PBXGroup section */

/* Begin PBXNativeTarget section */
		168FA4282AB07333005B1C2D /* MarvelCharactersDemo */ = {
			isa = PBXNativeTarget;
			buildConfigurationList = 168FA4562AB07336005B1C2D /* Build configuration list for PBXNativeTarget "MarvelCharactersDemo" */;
			buildPhases = (
				38601DC00F544B9E36680C86 /* [CP] Check Pods Manifest.lock */,
				168FA4252AB07333005B1C2D /* Sources */,
				168FA4262AB07333005B1C2D /* Frameworks */,
				168FA4272AB07333005B1C2D /* Resources */,
			);
			buildRules = (
			);
			dependencies = (
			);
			name = MarvelCharactersDemo;
			productName = MarvelCharactersDemo;
			productReference = 168FA4292AB07333005B1C2D /* MarvelCharactersDemo.app */;
			productType = "com.apple.product-type.application";
		};
		168FA4412AB07336005B1C2D /* MarvelCharactersDemoTests */ = {
			isa = PBXNativeTarget;
			buildConfigurationList = 168FA4592AB07336005B1C2D /* Build configuration list for PBXNativeTarget "MarvelCharactersDemoTests" */;
			buildPhases = (
				3C92F24E94DACE7095F179CB /* [CP] Check Pods Manifest.lock */,
				168FA43E2AB07336005B1C2D /* Sources */,
				168FA43F2AB07336005B1C2D /* Frameworks */,
				168FA4402AB07336005B1C2D /* Resources */,
			);
			buildRules = (
			);
			dependencies = (
				168FA4442AB07336005B1C2D /* PBXTargetDependency */,
			);
			name = MarvelCharactersDemoTests;
			productName = MarvelCharactersDemoTests;
			productReference = 168FA4422AB07336005B1C2D /* MarvelCharactersDemoTests.xctest */;
			productType = "com.apple.product-type.bundle.unit-test";
		};
		168FA44B2AB07336005B1C2D /* MarvelCharactersDemoUITests */ = {
			isa = PBXNativeTarget;
			buildConfigurationList = 168FA45C2AB07336005B1C2D /* Build configuration list for PBXNativeTarget "MarvelCharactersDemoUITests" */;
			buildPhases = (
				168FA4482AB07336005B1C2D /* Sources */,
				168FA4492AB07336005B1C2D /* Frameworks */,
				168FA44A2AB07336005B1C2D /* Resources */,
			);
			buildRules = (
			);
			dependencies = (
				168FA44E2AB07336005B1C2D /* PBXTargetDependency */,
			);
			name = MarvelCharactersDemoUITests;
			productName = MarvelCharactersDemoUITests;
			productReference = 168FA44C2AB07336005B1C2D /* MarvelCharactersDemoUITests.xctest */;
			productType = "com.apple.product-type.bundle.ui-testing";
		};
/* End PBXNativeTarget section */

/* Begin PBXProject section */
		168FA4212AB07333005B1C2D /* Project object */ = {
			isa = PBXProject;
			attributes = {
				BuildIndependentTargetsInParallel = 1;
				LastSwiftUpdateCheck = 1430;
				LastUpgradeCheck = 1430;
				TargetAttributes = {
					168FA4282AB07333005B1C2D = {
						CreatedOnToolsVersion = 14.3.1;
					};
					168FA4412AB07336005B1C2D = {
						CreatedOnToolsVersion = 14.3.1;
						TestTargetID = 168FA4282AB07333005B1C2D;
					};
					168FA44B2AB07336005B1C2D = {
						CreatedOnToolsVersion = 14.3.1;
						TestTargetID = 168FA4282AB07333005B1C2D;
					};
				};
			};
			buildConfigurationList = 168FA4242AB07333005B1C2D /* Build configuration list for PBXProject "MarvelCharactersDemo" */;
			compatibilityVersion = "Xcode 14.0";
			developmentRegion = en;
			hasScannedForEncodings = 0;
			knownRegions = (
				en,
				Base,
			);
			mainGroup = 168FA4202AB07333005B1C2D;
			productRefGroup = 168FA42A2AB07333005B1C2D /* Products */;
			projectDirPath = "";
			projectRoot = "";
			targets = (
				168FA4282AB07333005B1C2D /* MarvelCharactersDemo */,
				168FA4412AB07336005B1C2D /* MarvelCharactersDemoTests */,
				168FA44B2AB07336005B1C2D /* MarvelCharactersDemoUITests */,
			);
		};
/* End PBXProject section */

/* Begin PBXResourcesBuildPhase section */
		168FA4272AB07333005B1C2D /* Resources */ = {
			isa = PBXResourcesBuildPhase;
			buildActionMask = 2147483647;
			files = (
				168FA5622AB10449005B1C2D /* NunitoSans-Italic.ttf in Resources */,
				168FA43C2AB07335005B1C2D /* LaunchScreen.storyboard in Resources */,
				168FA5632AB10449005B1C2D /* NunitoSans-Light.ttf in Resources */,
				168FA5692AB10449005B1C2D /* NunitoSans-ExtraBoldItalic.ttf in Resources */,
				168FA4392AB07335005B1C2D /* Assets.xcassets in Resources */,
				168FA5682AB10449005B1C2D /* NunitoSans-ExtraBold.ttf in Resources */,
				168FA5642AB10449005B1C2D /* NunitoSans-ExtraLightItalic.ttf in Resources */,
				168FA4342AB07334005B1C2D /* Main.storyboard in Resources */,
				1690488E2AB3AA0800E906D9 /* marvel.jpeg in Resources */,
				1634ED332AB2351F0047B8FA /* CharacterDetailTableViewCell.xib in Resources */,
				168FA5542AB0FAD9005B1C2D /* CharacterTableViewCell.xib in Resources */,
				169048902AB3B3A600E906D9 /* marvel_icon.jpeg in Resources */,
				168FA5672AB10449005B1C2D /* NunitoSans-Bold.ttf in Resources */,
				168FA5652AB10449005B1C2D /* NunitoSans-Regular.ttf in Resources */,
				168FA56B2AB10449005B1C2D /* NunitoSans-ExtraLight.ttf in Resources */,
				168FA56A2AB10449005B1C2D /* NunitoSans-BoldItalic.ttf in Resources */,
				168FA5662AB10449005B1C2D /* NunitoSans-BlackItalic.ttf in Resources */,
				1634EDF52AB390610047B8FA /* HeaderView.xib in Resources */,
				1634ED382AB235F60047B8FA /* CharacterDetailCollectionViewCell.xib in Resources */,
				168FA5612AB10449005B1C2D /* NunitoSans-Black.ttf in Resources */,
			);
			runOnlyForDeploymentPostprocessing = 0;
		};
		168FA4402AB07336005B1C2D /* Resources */ = {
			isa = PBXResourcesBuildPhase;
			buildActionMask = 2147483647;
			files = (
				169048A62AB443F500E906D9 /* CharacterDetailsResponse.json in Resources */,
			);
			runOnlyForDeploymentPostprocessing = 0;
		};
		168FA44A2AB07336005B1C2D /* Resources */ = {
			isa = PBXResourcesBuildPhase;
			buildActionMask = 2147483647;
			files = (
			);
			runOnlyForDeploymentPostprocessing = 0;
		};
/* End PBXResourcesBuildPhase section */

/* Begin PBXShellScriptBuildPhase section */
		38601DC00F544B9E36680C86 /* [CP] Check Pods Manifest.lock */ = {
			isa = PBXShellScriptBuildPhase;
			buildActionMask = 2147483647;
			files = (
			);
			inputFileListPaths = (
			);
			inputPaths = (
				"${PODS_PODFILE_DIR_PATH}/Podfile.lock",
				"${PODS_ROOT}/Manifest.lock",
			);
			name = "[CP] Check Pods Manifest.lock";
			outputFileListPaths = (
			);
			outputPaths = (
				"$(DERIVED_FILE_DIR)/Pods-MarvelCharactersDemo-checkManifestLockResult.txt",
			);
			runOnlyForDeploymentPostprocessing = 0;
			shellPath = /bin/sh;
			shellScript = "diff \"${PODS_PODFILE_DIR_PATH}/Podfile.lock\" \"${PODS_ROOT}/Manifest.lock\" > /dev/null\nif [ $? != 0 ] ; then\n    # print error to STDERR\n    echo \"error: The sandbox is not in sync with the Podfile.lock. Run 'pod install' or update your CocoaPods installation.\" >&2\n    exit 1\nfi\n# This output is used by Xcode 'outputs' to avoid re-running this script phase.\necho \"SUCCESS\" > \"${SCRIPT_OUTPUT_FILE_0}\"\n";
			showEnvVarsInLog = 0;
		};
		3C92F24E94DACE7095F179CB /* [CP] Check Pods Manifest.lock */ = {
			isa = PBXShellScriptBuildPhase;
			buildActionMask = 2147483647;
			files = (
			);
			inputFileListPaths = (
			);
			inputPaths = (
				"${PODS_PODFILE_DIR_PATH}/Podfile.lock",
				"${PODS_ROOT}/Manifest.lock",
			);
			name = "[CP] Check Pods Manifest.lock";
			outputFileListPaths = (
			);
			outputPaths = (
				"$(DERIVED_FILE_DIR)/Pods-MarvelCharactersDemoTests-checkManifestLockResult.txt",
			);
			runOnlyForDeploymentPostprocessing = 0;
			shellPath = /bin/sh;
			shellScript = "diff \"${PODS_PODFILE_DIR_PATH}/Podfile.lock\" \"${PODS_ROOT}/Manifest.lock\" > /dev/null\nif [ $? != 0 ] ; then\n    # print error to STDERR\n    echo \"error: The sandbox is not in sync with the Podfile.lock. Run 'pod install' or update your CocoaPods installation.\" >&2\n    exit 1\nfi\n# This output is used by Xcode 'outputs' to avoid re-running this script phase.\necho \"SUCCESS\" > \"${SCRIPT_OUTPUT_FILE_0}\"\n";
			showEnvVarsInLog = 0;
		};
/* End PBXShellScriptBuildPhase section */

/* Begin PBXSourcesBuildPhase section */
		168FA4252AB07333005B1C2D /* Sources */ = {
			isa = PBXSourcesBuildPhase;
			buildActionMask = 2147483647;
			files = (
				168FA5422AB0ED86005B1C2D /* ItemModel.swift in Sources */,
				168FA54D2AB0F67E005B1C2D /* BaseViewModel.swift in Sources */,
				168FA5892AB1A425005B1C2D /* UIViewController+Ext.swift in Sources */,
				168FA5752AB10585005B1C2D /* MarvelTheme.swift in Sources */,
				1634ED322AB2351F0047B8FA /* CharacterDetailTableViewCell.swift in Sources */,
				168FA5402AB0ED7B005B1C2D /* ThumbnailModel.swift in Sources */,
				1690488C2AB39A1500E906D9 /* UINavigationController+Ext.swift in Sources */,
				168FA5772AB10599005B1C2D /* FontProtocol.swift in Sources */,
				168FA5852AB1A39A005B1C2D /* CharactersDetailsViewController.swift in Sources */,
				1634EDED2AB38E270047B8FA /* UIView+Shimmer.swift in Sources */,
				168FA53A2AB0DCE9005B1C2D /* ApiBuilder.swift in Sources */,
				168FA5312AB0CB4B005B1C2D /* CharactersModel.swift in Sources */,
				168FA5832AB1998A005B1C2D /* CharacterListCoordinator.swift in Sources */,
				1634EDF92AB391660047B8FA /* UIView+Ext.swift in Sources */,
				168FA5532AB0FAD9005B1C2D /* CharacterTableViewCell.swift in Sources */,
				1634EDE92AB38DF60047B8FA /* Shimmering+UIView+Ext.swift in Sources */,
				168FA54F2AB0F888005B1C2D /* BaseViewController.swift in Sources */,
				168FA54A2AB0F512005B1C2D /* CharactersListViewModel.swift in Sources */,
				168FA5462AB0ED9D005B1C2D /* CharacterUrlModel.swift in Sources */,
				1634EDE72AB38DE30047B8FA /* ShimmeringViewProtocol.swift in Sources */,
				169048952AB43D3B00E906D9 /* Array+Ext.swift in Sources */,
				168FA57E2AB1060D005B1C2D /* ThemeColor.swift in Sources */,
				1690488A2AB3981B00E906D9 /* UIButton+Ext.swift in Sources */,
				168FA4712AB074DD005B1C2D /* AppCoordinator.swift in Sources */,
				168FA4312AB07333005B1C2D /* CharactersListViewController.swift in Sources */,
				168FA58E2AB1A580005B1C2D /* NSObject+Ext.swift in Sources */,
				168FA58B2AB1A4F2005B1C2D /* Router.swift in Sources */,
				168FA42D2AB07333005B1C2D /* AppDelegate.swift in Sources */,
				1634EDEF2AB38E3A0047B8FA /* Constants.swift in Sources */,
				168FA5722AB104AB005B1C2D /* UIFont+Ext.swift in Sources */,
				168FA5482AB0EE7E005B1C2D /* MarvelService+Ext.swift in Sources */,
				168FA53C2AB0DD0A005B1C2D /* MarvelCacheManager.swift in Sources */,
				168FA52D2AB0CB05005B1C2D /* MarvelService.swift in Sources */,
				1634ED3E2AB25F900047B8FA /* String+Ext.swift in Sources */,
				168FA5352AB0D3B8005B1C2D /* BaseResponse.swift in Sources */,
				1634EDF32AB390580047B8FA /* HeaderView.swift in Sources */,
				1634ED3C2AB2500C0047B8FA /* SectionModel.swift in Sources */,
				168FA56E2AB10477005B1C2D /* MarvelConfig.swift in Sources */,
				1634ED372AB235F60047B8FA /* CharacterDetailCollectionViewCell.swift in Sources */,
				168FA52F2AB0CB10005B1C2D /* MarvelServiceType.swift in Sources */,
				168FA5872AB1A3C7005B1C2D /* CharacterDetailCoordinator.swift in Sources */,
				168FA53E2AB0EC97005B1C2D /* CharacterDetailModel.swift in Sources */,
				168FA46F2AB074CB005B1C2D /* Coordinator.swift in Sources */,
				1634EDF72AB3913B0047B8FA /* BaseView.swift in Sources */,
				1634ED402AB261170047B8FA /* UILabel+Ext.swift in Sources */,
				168FA5792AB105B0005B1C2D /* ColorProtocol.swift in Sources */,
				1634EDEB2AB38E060047B8FA /* Shimmering+UIView+Template.swift in Sources */,
				168FA57B2AB105DD005B1C2D /* ThemeFont.swift in Sources */,
				168FA5442AB0ED8F005B1C2D /* StateModel.swift in Sources */,
				168FA42F2AB07333005B1C2D /* SceneDelegate.swift in Sources */,
				1634ED3A2AB23FDB0047B8FA /* PaddingLabel.swift in Sources */,
				168FA5902AB1A639005B1C2D /* CharactersDetailsViewModel.swift in Sources */,
				168FA4372AB07334005B1C2D /* MarvelCharactersDemo.xcdatamodeld in Sources */,
			);
			runOnlyForDeploymentPostprocessing = 0;
		};
		168FA43E2AB07336005B1C2D /* Sources */ = {
			isa = PBXSourcesBuildPhase;
			buildActionMask = 2147483647;
			files = (
				1690489A2AB442A300E906D9 /* MarvelServiceMock.swift in Sources */,
				1690489D2AB4437000E906D9 /* JsonMock.swift in Sources */,
				169048972AB43F2B00E906D9 /* CharactersListViewModelTests.swift in Sources */,
				168FA4472AB07336005B1C2D /* MarvelCharactersDemoTests.swift in Sources */,
			);
			runOnlyForDeploymentPostprocessing = 0;
		};
		168FA4482AB07336005B1C2D /* Sources */ = {
			isa = PBXSourcesBuildPhase;
			buildActionMask = 2147483647;
			files = (
				168FA4532AB07336005B1C2D /* MarvelCharactersDemoUITestsLaunchTests.swift in Sources */,
				168FA4512AB07336005B1C2D /* MarvelCharactersDemoUITests.swift in Sources */,
			);
			runOnlyForDeploymentPostprocessing = 0;
		};
/* End PBXSourcesBuildPhase section */

/* Begin PBXTargetDependency section */
		168FA4442AB07336005B1C2D /* PBXTargetDependency */ = {
			isa = PBXTargetDependency;
			target = 168FA4282AB07333005B1C2D /* MarvelCharactersDemo */;
			targetProxy = 168FA4432AB07336005B1C2D /* PBXContainerItemProxy */;
		};
		168FA44E2AB07336005B1C2D /* PBXTargetDependency */ = {
			isa = PBXTargetDependency;
			target = 168FA4282AB07333005B1C2D /* MarvelCharactersDemo */;
			targetProxy = 168FA44D2AB07336005B1C2D /* PBXContainerItemProxy */;
		};
/* End PBXTargetDependency section */

/* Begin PBXVariantGroup section */
		168FA4322AB07334005B1C2D /* Main.storyboard */ = {
			isa = PBXVariantGroup;
			children = (
				168FA4332AB07334005B1C2D /* Base */,
			);
			name = Main.storyboard;
			sourceTree = "<group>";
		};
		168FA43A2AB07335005B1C2D /* LaunchScreen.storyboard */ = {
			isa = PBXVariantGroup;
			children = (
				168FA43B2AB07335005B1C2D /* Base */,
			);
			name = LaunchScreen.storyboard;
			sourceTree = "<group>";
		};
/* End PBXVariantGroup section */

/* Begin XCBuildConfiguration section */
		168FA4542AB07336005B1C2D /* Debug */ = {
			isa = XCBuildConfiguration;
			buildSettings = {
				ALWAYS_SEARCH_USER_PATHS = NO;
				CLANG_ANALYZER_NONNULL = YES;
				CLANG_ANALYZER_NUMBER_OBJECT_CONVERSION = YES_AGGRESSIVE;
				CLANG_CXX_LANGUAGE_STANDARD = "gnu++20";
				CLANG_ENABLE_MODULES = YES;
				CLANG_ENABLE_OBJC_ARC = YES;
				CLANG_ENABLE_OBJC_WEAK = YES;
				CLANG_WARN_BLOCK_CAPTURE_AUTORELEASING = YES;
				CLANG_WARN_BOOL_CONVERSION = YES;
				CLANG_WARN_COMMA = YES;
				CLANG_WARN_CONSTANT_CONVERSION = YES;
				CLANG_WARN_DEPRECATED_OBJC_IMPLEMENTATIONS = YES;
				CLANG_WARN_DIRECT_OBJC_ISA_USAGE = YES_ERROR;
				CLANG_WARN_DOCUMENTATION_COMMENTS = YES;
				CLANG_WARN_EMPTY_BODY = YES;
				CLANG_WARN_ENUM_CONVERSION = YES;
				CLANG_WARN_INFINITE_RECURSION = YES;
				CLANG_WARN_INT_CONVERSION = YES;
				CLANG_WARN_NON_LITERAL_NULL_CONVERSION = YES;
				CLANG_WARN_OBJC_IMPLICIT_RETAIN_SELF = YES;
				CLANG_WARN_OBJC_LITERAL_CONVERSION = YES;
				CLANG_WARN_OBJC_ROOT_CLASS = YES_ERROR;
				CLANG_WARN_QUOTED_INCLUDE_IN_FRAMEWORK_HEADER = YES;
				CLANG_WARN_RANGE_LOOP_ANALYSIS = YES;
				CLANG_WARN_STRICT_PROTOTYPES = YES;
				CLANG_WARN_SUSPICIOUS_MOVE = YES;
				CLANG_WARN_UNGUARDED_AVAILABILITY = YES_AGGRESSIVE;
				CLANG_WARN_UNREACHABLE_CODE = YES;
				CLANG_WARN__DUPLICATE_METHOD_MATCH = YES;
				COPY_PHASE_STRIP = NO;
				DEBUG_INFORMATION_FORMAT = dwarf;
				ENABLE_STRICT_OBJC_MSGSEND = YES;
				ENABLE_TESTABILITY = YES;
				GCC_C_LANGUAGE_STANDARD = gnu11;
				GCC_DYNAMIC_NO_PIC = NO;
				GCC_NO_COMMON_BLOCKS = YES;
				GCC_OPTIMIZATION_LEVEL = 0;
				GCC_PREPROCESSOR_DEFINITIONS = (
					"DEBUG=1",
					"$(inherited)",
				);
				GCC_WARN_64_TO_32_BIT_CONVERSION = YES;
				GCC_WARN_ABOUT_RETURN_TYPE = YES_ERROR;
				GCC_WARN_UNDECLARED_SELECTOR = YES;
				GCC_WARN_UNINITIALIZED_AUTOS = YES_AGGRESSIVE;
				GCC_WARN_UNUSED_FUNCTION = YES;
				GCC_WARN_UNUSED_VARIABLE = YES;
				IPHONEOS_DEPLOYMENT_TARGET = 16.4;
				MTL_ENABLE_DEBUG_INFO = INCLUDE_SOURCE;
				MTL_FAST_MATH = YES;
				ONLY_ACTIVE_ARCH = YES;
				SDKROOT = iphoneos;
				SWIFT_ACTIVE_COMPILATION_CONDITIONS = DEBUG;
				SWIFT_OPTIMIZATION_LEVEL = "-Onone";
			};
			name = Debug;
		};
		168FA4552AB07336005B1C2D /* Release */ = {
			isa = XCBuildConfiguration;
			buildSettings = {
				ALWAYS_SEARCH_USER_PATHS = NO;
				CLANG_ANALYZER_NONNULL = YES;
				CLANG_ANALYZER_NUMBER_OBJECT_CONVERSION = YES_AGGRESSIVE;
				CLANG_CXX_LANGUAGE_STANDARD = "gnu++20";
				CLANG_ENABLE_MODULES = YES;
				CLANG_ENABLE_OBJC_ARC = YES;
				CLANG_ENABLE_OBJC_WEAK = YES;
				CLANG_WARN_BLOCK_CAPTURE_AUTORELEASING = YES;
				CLANG_WARN_BOOL_CONVERSION = YES;
				CLANG_WARN_COMMA = YES;
				CLANG_WARN_CONSTANT_CONVERSION = YES;
				CLANG_WARN_DEPRECATED_OBJC_IMPLEMENTATIONS = YES;
				CLANG_WARN_DIRECT_OBJC_ISA_USAGE = YES_ERROR;
				CLANG_WARN_DOCUMENTATION_COMMENTS = YES;
				CLANG_WARN_EMPTY_BODY = YES;
				CLANG_WARN_ENUM_CONVERSION = YES;
				CLANG_WARN_INFINITE_RECURSION = YES;
				CLANG_WARN_INT_CONVERSION = YES;
				CLANG_WARN_NON_LITERAL_NULL_CONVERSION = YES;
				CLANG_WARN_OBJC_IMPLICIT_RETAIN_SELF = YES;
				CLANG_WARN_OBJC_LITERAL_CONVERSION = YES;
				CLANG_WARN_OBJC_ROOT_CLASS = YES_ERROR;
				CLANG_WARN_QUOTED_INCLUDE_IN_FRAMEWORK_HEADER = YES;
				CLANG_WARN_RANGE_LOOP_ANALYSIS = YES;
				CLANG_WARN_STRICT_PROTOTYPES = YES;
				CLANG_WARN_SUSPICIOUS_MOVE = YES;
				CLANG_WARN_UNGUARDED_AVAILABILITY = YES_AGGRESSIVE;
				CLANG_WARN_UNREACHABLE_CODE = YES;
				CLANG_WARN__DUPLICATE_METHOD_MATCH = YES;
				COPY_PHASE_STRIP = NO;
				DEBUG_INFORMATION_FORMAT = "dwarf-with-dsym";
				ENABLE_NS_ASSERTIONS = NO;
				ENABLE_STRICT_OBJC_MSGSEND = YES;
				GCC_C_LANGUAGE_STANDARD = gnu11;
				GCC_NO_COMMON_BLOCKS = YES;
				GCC_WARN_64_TO_32_BIT_CONVERSION = YES;
				GCC_WARN_ABOUT_RETURN_TYPE = YES_ERROR;
				GCC_WARN_UNDECLARED_SELECTOR = YES;
				GCC_WARN_UNINITIALIZED_AUTOS = YES_AGGRESSIVE;
				GCC_WARN_UNUSED_FUNCTION = YES;
				GCC_WARN_UNUSED_VARIABLE = YES;
				IPHONEOS_DEPLOYMENT_TARGET = 16.4;
				MTL_ENABLE_DEBUG_INFO = NO;
				MTL_FAST_MATH = YES;
				SDKROOT = iphoneos;
				SWIFT_COMPILATION_MODE = wholemodule;
				SWIFT_OPTIMIZATION_LEVEL = "-O";
				VALIDATE_PRODUCT = YES;
			};
			name = Release;
		};
		168FA4572AB07336005B1C2D /* Debug */ = {
			isa = XCBuildConfiguration;
			baseConfigurationReference = 84790917D35693616C6F6D6B /* Pods-MarvelCharactersDemo.debug.xcconfig */;
			buildSettings = {
				ASSETCATALOG_COMPILER_APPICON_NAME = AppIcon;
				ASSETCATALOG_COMPILER_GLOBAL_ACCENT_COLOR_NAME = AccentColor;
				CODE_SIGN_STYLE = Automatic;
				CURRENT_PROJECT_VERSION = 1;
				DEVELOPMENT_TEAM = 2NC8D4NC9Y;
				GENERATE_INFOPLIST_FILE = YES;
				INFOPLIST_FILE = MarvelCharactersDemo/Resources/Info.plist;
				INFOPLIST_KEY_UIApplicationSupportsIndirectInputEvents = YES;
				INFOPLIST_KEY_UILaunchStoryboardName = LaunchScreen;
				INFOPLIST_KEY_UIMainStoryboardFile = Main;
				INFOPLIST_KEY_UISupportedInterfaceOrientations_iPad = "UIInterfaceOrientationPortrait UIInterfaceOrientationPortraitUpsideDown UIInterfaceOrientationLandscapeLeft UIInterfaceOrientationLandscapeRight";
				INFOPLIST_KEY_UISupportedInterfaceOrientations_iPhone = "UIInterfaceOrientationPortrait UIInterfaceOrientationLandscapeLeft UIInterfaceOrientationLandscapeRight";
				LD_RUNPATH_SEARCH_PATHS = (
					"$(inherited)",
					"@executable_path/Frameworks",
				);
				MARKETING_VERSION = 1.0;
				PRODUCT_BUNDLE_IDENTIFIER = com.MarvelCharactersDemo;
				PRODUCT_NAME = "$(TARGET_NAME)";
				SWIFT_EMIT_LOC_STRINGS = YES;
				SWIFT_VERSION = 5.0;
				TARGETED_DEVICE_FAMILY = "1,2";
			};
			name = Debug;
		};
		168FA4582AB07336005B1C2D /* Release */ = {
			isa = XCBuildConfiguration;
			baseConfigurationReference = C371DF2D62A5F8C46C5F0007 /* Pods-MarvelCharactersDemo.release.xcconfig */;
			buildSettings = {
				ASSETCATALOG_COMPILER_APPICON_NAME = AppIcon;
				ASSETCATALOG_COMPILER_GLOBAL_ACCENT_COLOR_NAME = AccentColor;
				CODE_SIGN_STYLE = Automatic;
				CURRENT_PROJECT_VERSION = 1;
				DEVELOPMENT_TEAM = 2NC8D4NC9Y;
				GENERATE_INFOPLIST_FILE = YES;
				INFOPLIST_FILE = MarvelCharactersDemo/Resources/Info.plist;
				INFOPLIST_KEY_UIApplicationSupportsIndirectInputEvents = YES;
				INFOPLIST_KEY_UILaunchStoryboardName = LaunchScreen;
				INFOPLIST_KEY_UIMainStoryboardFile = Main;
				INFOPLIST_KEY_UISupportedInterfaceOrientations_iPad = "UIInterfaceOrientationPortrait UIInterfaceOrientationPortraitUpsideDown UIInterfaceOrientationLandscapeLeft UIInterfaceOrientationLandscapeRight";
				INFOPLIST_KEY_UISupportedInterfaceOrientations_iPhone = "UIInterfaceOrientationPortrait UIInterfaceOrientationLandscapeLeft UIInterfaceOrientationLandscapeRight";
				LD_RUNPATH_SEARCH_PATHS = (
					"$(inherited)",
					"@executable_path/Frameworks",
				);
				MARKETING_VERSION = 1.0;
				PRODUCT_BUNDLE_IDENTIFIER = com.MarvelCharactersDemo;
				PRODUCT_NAME = "$(TARGET_NAME)";
				SWIFT_EMIT_LOC_STRINGS = YES;
				SWIFT_VERSION = 5.0;
				TARGETED_DEVICE_FAMILY = "1,2";
			};
			name = Release;
		};
		168FA45A2AB07336005B1C2D /* Debug */ = {
			isa = XCBuildConfiguration;
			baseConfigurationReference = 8233AF3EB18E6834F9C2F740 /* Pods-MarvelCharactersDemoTests.debug.xcconfig */;
			buildSettings = {
				ALWAYS_EMBED_SWIFT_STANDARD_LIBRARIES = YES;
				BUNDLE_LOADER = "$(TEST_HOST)";
				CODE_SIGN_STYLE = Automatic;
				CURRENT_PROJECT_VERSION = 1;
				DEVELOPMENT_TEAM = 2NC8D4NC9Y;
				GENERATE_INFOPLIST_FILE = YES;
				IPHONEOS_DEPLOYMENT_TARGET = 16.4;
				MARKETING_VERSION = 1.0;
				PRODUCT_BUNDLE_IDENTIFIER = com.MarvelCharactersDemoTests;
				PRODUCT_NAME = "$(TARGET_NAME)";
				SWIFT_EMIT_LOC_STRINGS = NO;
				SWIFT_VERSION = 5.0;
				TARGETED_DEVICE_FAMILY = "1,2";
				TEST_HOST = "$(BUILT_PRODUCTS_DIR)/MarvelCharactersDemo.app/$(BUNDLE_EXECUTABLE_FOLDER_PATH)/MarvelCharactersDemo";
			};
			name = Debug;
		};
		168FA45B2AB07336005B1C2D /* Release */ = {
			isa = XCBuildConfiguration;
			baseConfigurationReference = E6D95757535E0F3EB624D65B /* Pods-MarvelCharactersDemoTests.release.xcconfig */;
			buildSettings = {
				ALWAYS_EMBED_SWIFT_STANDARD_LIBRARIES = YES;
				BUNDLE_LOADER = "$(TEST_HOST)";
				CODE_SIGN_STYLE = Automatic;
				CURRENT_PROJECT_VERSION = 1;
				DEVELOPMENT_TEAM = 2NC8D4NC9Y;
				GENERATE_INFOPLIST_FILE = YES;
				IPHONEOS_DEPLOYMENT_TARGET = 16.4;
				MARKETING_VERSION = 1.0;
				PRODUCT_BUNDLE_IDENTIFIER = com.MarvelCharactersDemoTests;
				PRODUCT_NAME = "$(TARGET_NAME)";
				SWIFT_EMIT_LOC_STRINGS = NO;
				SWIFT_VERSION = 5.0;
				TARGETED_DEVICE_FAMILY = "1,2";
				TEST_HOST = "$(BUILT_PRODUCTS_DIR)/MarvelCharactersDemo.app/$(BUNDLE_EXECUTABLE_FOLDER_PATH)/MarvelCharactersDemo";
			};
			name = Release;
		};
		168FA45D2AB07336005B1C2D /* Debug */ = {
			isa = XCBuildConfiguration;
			buildSettings = {
				ALWAYS_EMBED_SWIFT_STANDARD_LIBRARIES = YES;
				CODE_SIGN_STYLE = Automatic;
				CURRENT_PROJECT_VERSION = 1;
				DEVELOPMENT_TEAM = 2NC8D4NC9Y;
				GENERATE_INFOPLIST_FILE = YES;
				MARKETING_VERSION = 1.0;
				PRODUCT_BUNDLE_IDENTIFIER = com.MarvelCharactersDemoUITests;
				PRODUCT_NAME = "$(TARGET_NAME)";
				SWIFT_EMIT_LOC_STRINGS = NO;
				SWIFT_VERSION = 5.0;
				TARGETED_DEVICE_FAMILY = "1,2";
				TEST_TARGET_NAME = MarvelCharactersDemo;
			};
			name = Debug;
		};
		168FA45E2AB07336005B1C2D /* Release */ = {
			isa = XCBuildConfiguration;
			buildSettings = {
				ALWAYS_EMBED_SWIFT_STANDARD_LIBRARIES = YES;
				CODE_SIGN_STYLE = Automatic;
				CURRENT_PROJECT_VERSION = 1;
				DEVELOPMENT_TEAM = 2NC8D4NC9Y;
				GENERATE_INFOPLIST_FILE = YES;
				MARKETING_VERSION = 1.0;
				PRODUCT_BUNDLE_IDENTIFIER = com.MarvelCharactersDemoUITests;
				PRODUCT_NAME = "$(TARGET_NAME)";
				SWIFT_EMIT_LOC_STRINGS = NO;
				SWIFT_VERSION = 5.0;
				TARGETED_DEVICE_FAMILY = "1,2";
				TEST_TARGET_NAME = MarvelCharactersDemo;
			};
			name = Release;
		};
/* End XCBuildConfiguration section */

/* Begin XCConfigurationList section */
		168FA4242AB07333005B1C2D /* Build configuration list for PBXProject "MarvelCharactersDemo" */ = {
			isa = XCConfigurationList;
			buildConfigurations = (
				168FA4542AB07336005B1C2D /* Debug */,
				168FA4552AB07336005B1C2D /* Release */,
			);
			defaultConfigurationIsVisible = 0;
			defaultConfigurationName = Release;
		};
		168FA4562AB07336005B1C2D /* Build configuration list for PBXNativeTarget "MarvelCharactersDemo" */ = {
			isa = XCConfigurationList;
			buildConfigurations = (
				168FA4572AB07336005B1C2D /* Debug */,
				168FA4582AB07336005B1C2D /* Release */,
			);
			defaultConfigurationIsVisible = 0;
			defaultConfigurationName = Release;
		};
		168FA4592AB07336005B1C2D /* Build configuration list for PBXNativeTarget "MarvelCharactersDemoTests" */ = {
			isa = XCConfigurationList;
			buildConfigurations = (
				168FA45A2AB07336005B1C2D /* Debug */,
				168FA45B2AB07336005B1C2D /* Release */,
			);
			defaultConfigurationIsVisible = 0;
			defaultConfigurationName = Release;
		};
		168FA45C2AB07336005B1C2D /* Build configuration list for PBXNativeTarget "MarvelCharactersDemoUITests" */ = {
			isa = XCConfigurationList;
			buildConfigurations = (
				168FA45D2AB07336005B1C2D /* Debug */,
				168FA45E2AB07336005B1C2D /* Release */,
			);
			defaultConfigurationIsVisible = 0;
			defaultConfigurationName = Release;
		};
/* End XCConfigurationList section */

/* Begin XCVersionGroup section */
		168FA4352AB07334005B1C2D /* MarvelCharactersDemo.xcdatamodeld */ = {
			isa = XCVersionGroup;
			children = (
				168FA4362AB07334005B1C2D /* MarvelCharactersDemo.xcdatamodel */,
			);
			currentVersion = 168FA4362AB07334005B1C2D /* MarvelCharactersDemo.xcdatamodel */;
			path = MarvelCharactersDemo.xcdatamodeld;
			sourceTree = "<group>";
			versionGroupType = wrapper.xcdatamodel;
		};
/* End XCVersionGroup section */
	};
	rootObject = 168FA4212AB07333005B1C2D /* Project object */;
}
